
Microsoft Visual Studio Solution File, Format Version 12.00
# Visual Studio Version 16
VisualStudioVersion = 16.0.31624.102
MinimumVisualStudioVersion = 10.0.40219.1
Project("{F184B08F-C81C-45F6-A57F-5ABD9991F28F}") = "Arduino Led Kontrol", "Arduino Led Kontrol\Arduino Led Kontrol.vbproj", "{90C3CA06-DE6A-4C46-B826-078325DA51C3}"
EndProject
Global
	GlobalSection(SolutionConfigurationPlatforms) = preSolution
		Debug|Any CPU = Debug|Any CPU
		Release|Any CPU = Release|Any CPU
	EndGlobalSection
	GlobalSection(ProjectConfigurationPlatforms) = postSolution
		{90C3CA06-DE6A-4C46-B826-078325DA51C3}.Debug|Any CPU.ActiveCfg = Debug|Any CPU
		{90C3CA06-DE6A-4C46-B826-078325DA51C3}.Debug|Any CPU.Build.0 = Debug|Any CPU
		{90C3CA06-DE6A-4C46-B826-078325DA51C3}.Release|Any CPU.ActiveCfg = Release|Any CPU
		{90C3CA06-DE6A-4C46-B826-078325DA51C3}.Release|Any CPU.Build.0 = Release|Any CPU
	EndGlobalSection
	GlobalSection(SolutionProperties) = preSolution
		HideSolutionNode = FALSE
	EndGlobalSection
	GlobalSection(ExtensibilityGlobals) = postSolution
		SolutionGuid = {F3769422-4741-45D0-9744-9CEB7D186F2F}
	EndGlobalSection
EndGlobal
